
Microsoft Visual Studio Solution File, Format Version 12.00
# Visual Studio Version 17
VisualStudioVersion = 17.6.33513.286
MinimumVisualStudioVersion = 10.0.40219.1
Project("{9A19103F-16F7-4668-BE54-9A1E7A4F7556}") = "DkProCloudMusic", "DkProCloudMusic\DkProCloudMusic.csproj", "{965FAA87-ABDE-447A-9ED6-C3BF1E9C5D81}"
EndProject
Project("{9A19103F-16F7-4668-BE54-9A1E7A4F7556}") = "Dk.Common", "Dk.Common\Dk.Common.csproj", "{135ACBD5-1925-40D8-AB61-3189A738C254}"
EndProject
Project("{FAE04EC0-301F-11D3-BF4B-00C04F79EFBC}") = "TestProject1", "TestProject1\TestProject1.csproj", "{BB4806A4-9CBE-4C6B-9179-787983ED9F79}"
EndProject
Global
	GlobalSection(SolutionConfigurationPlatforms) = preSolution
		Debug|Any CPU = Debug|Any CPU
		Release|Any CPU = Release|Any CPU
	EndGlobalSection
	GlobalSection(ProjectConfigurationPlatforms) = postSolution
		{965FAA87-ABDE-447A-9ED6-C3BF1E9C5D81}.Debug|Any CPU.ActiveCfg = Debug|Any CPU
		{965FAA87-ABDE-447A-9ED6-C3BF1E9C5D81}.Debug|Any CPU.Build.0 = Debug|Any CPU
		{965FAA87-ABDE-447A-9ED6-C3BF1E9C5D81}.Release|Any CPU.ActiveCfg = Release|Any CPU
		{965FAA87-ABDE-447A-9ED6-C3BF1E9C5D81}.Release|Any CPU.Build.0 = Release|Any CPU
		{135ACBD5-1925-40D8-AB61-3189A738C254}.Debug|Any CPU.ActiveCfg = Debug|Any CPU
		{135ACBD5-1925-40D8-AB61-3189A738C254}.Debug|Any CPU.Build.0 = Debug|Any CPU
		{135ACBD5-1925-40D8-AB61-3189A738C254}.Release|Any CPU.ActiveCfg = Release|Any CPU
		{135ACBD5-1925-40D8-AB61-3189A738C254}.Release|Any CPU.Build.0 = Release|Any CPU
		{BB4806A4-9CBE-4C6B-9179-787983ED9F79}.Debug|Any CPU.ActiveCfg = Debug|Any CPU
		{BB4806A4-9CBE-4C6B-9179-787983ED9F79}.Debug|Any CPU.Build.0 = Debug|Any CPU
		{BB4806A4-9CBE-4C6B-9179-787983ED9F79}.Release|Any CPU.ActiveCfg = Release|Any CPU
		{BB4806A4-9CBE-4C6B-9179-787983ED9F79}.Release|Any CPU.Build.0 = Release|Any CPU
	EndGlobalSection
	GlobalSection(SolutionProperties) = preSolution
		HideSolutionNode = FALSE
	EndGlobalSection
	GlobalSection(ExtensibilityGlobals) = postSolution
		SolutionGuid = {E70E9E00-B9DF-4D53-96DF-E29EADF79FC7}
	EndGlobalSection
EndGlobal
